// !$*UTF8*$!
{
	archiveVersion = 1;
	classes = {
	};
	objectVersion = 50;
	objects = {

/* Begin PBXBuildFile section */
		07E349CD2546B08800A5AC64 /* ImageDownloader.storyboard in Resources */ = {isa = PBXBuildFile; fileRef = 07E349CC2546B08800A5AC64 /* ImageDownloader.storyboard */; };
		07E349CF2546B0A200A5AC64 /* ImageDownloaderViewController.swift in Sources */ = {isa = PBXBuildFile; fileRef = 07E349CE2546B0A200A5AC64 /* ImageDownloaderViewController.swift */; };
		07E349D22546C86700A5AC64 /* LoadingViewController.swift in Sources */ = {isa = PBXBuildFile; fileRef = 07E349D12546C86700A5AC64 /* LoadingViewController.swift */; };
		07E349D42546C87300A5AC64 /* LoadingViewController.xib in Resources */ = {isa = PBXBuildFile; fileRef = 07E349D32546C87300A5AC64 /* LoadingViewController.xib */; };
		07E349D62546CBB500A5AC64 /* LoadingHelper.swift in Sources */ = {isa = PBXBuildFile; fileRef = 07E349D52546CBB500A5AC64 /* LoadingHelper.swift */; };
		F40927D1252B16F600739853 /* SQLiteDAO.swift in Sources */ = {isa = PBXBuildFile; fileRef = F40927D0252B16F600739853 /* SQLiteDAO.swift */; };
		F40927D4252B17A400739853 /* libsqlite3.tbd in Frameworks */ = {isa = PBXBuildFile; fileRef = F40927D3252B178E00739853 /* libsqlite3.tbd */; };
		F4131872252EBA2D002E3DCB /* CompanyDB.sqlite in Resources */ = {isa = PBXBuildFile; fileRef = F4131871252EBA2D002E3DCB /* CompanyDB.sqlite */; };
		F4131874252EDF6D002E3DCB /* EmployeeDAO.swift in Sources */ = {isa = PBXBuildFile; fileRef = F4131873252EDF6D002E3DCB /* EmployeeDAO.swift */; };
		F4131877252EE1D6002E3DCB /* EmployeeModel.swift in Sources */ = {isa = PBXBuildFile; fileRef = F4131876252EE1D6002E3DCB /* EmployeeModel.swift */; };
		F413187A252EE246002E3DCB /* CommonEnums.swift in Sources */ = {isa = PBXBuildFile; fileRef = F4131879252EE246002E3DCB /* CommonEnums.swift */; };
		F413187C252EF341002E3DCB /* DBbaseEnum.swift in Sources */ = {isa = PBXBuildFile; fileRef = F413187B252EF341002E3DCB /* DBbaseEnum.swift */; };
		F416446A25485EBC008E3D45 /* AlertViewController.xib in Resources */ = {isa = PBXBuildFile; fileRef = F416446925485EBC008E3D45 /* AlertViewController.xib */; };
		F416446C25485ED5008E3D45 /* AlertViewController.swift in Sources */ = {isa = PBXBuildFile; fileRef = F416446B25485ED5008E3D45 /* AlertViewController.swift */; };
		F416446E254860A2008E3D45 /* Functions.storyboard in Resources */ = {isa = PBXBuildFile; fileRef = F416446D254860A2008E3D45 /* Functions.storyboard */; };
		F4164470254860B1008E3D45 /* FunctionsViewController.swift in Sources */ = {isa = PBXBuildFile; fileRef = F416446F254860B1008E3D45 /* FunctionsViewController.swift */; };
		F43CE5872522255300A995F6 /* CustomTextFieldViewController.swift in Sources */ = {isa = PBXBuildFile; fileRef = F43CE5862522255300A995F6 /* CustomTextFieldViewController.swift */; };
		F43CE58B2522256800A995F6 /* CustomTextField.storyboard in Resources */ = {isa = PBXBuildFile; fileRef = F43CE58A2522256800A995F6 /* CustomTextField.storyboard */; };
		F44516FE2522CEFA00FC8B7B /* BaseTextField.swift in Sources */ = {isa = PBXBuildFile; fileRef = F44516FD2522CEFA00FC8B7B /* BaseTextField.swift */; };
		F44517022522CF0300FC8B7B /* RegexValidator.swift in Sources */ = {isa = PBXBuildFile; fileRef = F44516FF2522CF0300FC8B7B /* RegexValidator.swift */; };
		F44517032522CF0300FC8B7B /* TextFieldManager.swift in Sources */ = {isa = PBXBuildFile; fileRef = F44517002522CF0300FC8B7B /* TextFieldManager.swift */; };
		F44517042522CF0300FC8B7B /* TapGestureHelper.swift in Sources */ = {isa = PBXBuildFile; fileRef = F44517012522CF0300FC8B7B /* TapGestureHelper.swift */; };
		F44517072522F32A00FC8B7B /* CustomTextField.swift in Sources */ = {isa = PBXBuildFile; fileRef = F44517062522F32A00FC8B7B /* CustomTextField.swift */; };
		F44517092522F33800FC8B7B /* CustomTextField.xib in Resources */ = {isa = PBXBuildFile; fileRef = F44517082522F33800FC8B7B /* CustomTextField.xib */; };
		F44B9BC7248CB8BD00761436 /* AppDelegate.swift in Sources */ = {isa = PBXBuildFile; fileRef = F44B9BC6248CB8BD00761436 /* AppDelegate.swift */; };
		F44B9BC9248CB8BD00761436 /* SceneDelegate.swift in Sources */ = {isa = PBXBuildFile; fileRef = F44B9BC8248CB8BD00761436 /* SceneDelegate.swift */; };
		F44B9BCB248CB8BD00761436 /* MainViewController.swift in Sources */ = {isa = PBXBuildFile; fileRef = F44B9BCA248CB8BD00761436 /* MainViewController.swift */; };
		F44B9BCE248CB8BD00761436 /* Main.storyboard in Resources */ = {isa = PBXBuildFile; fileRef = F44B9BCC248CB8BD00761436 /* Main.storyboard */; };
		F44B9BD0248CB8BF00761436 /* Assets.xcassets in Resources */ = {isa = PBXBuildFile; fileRef = F44B9BCF248CB8BF00761436 /* Assets.xcassets */; };
		F44B9BD3248CB8BF00761436 /* LaunchScreen.storyboard in Resources */ = {isa = PBXBuildFile; fileRef = F44B9BD1248CB8BF00761436 /* LaunchScreen.storyboard */; };
/* End PBXBuildFile section */

/* Begin PBXFileReference section */
		07E349CC2546B08800A5AC64 /* ImageDownloader.storyboard */ = {isa = PBXFileReference; lastKnownFileType = file.storyboard; path = ImageDownloader.storyboard; sourceTree = "<group>"; };
		07E349CE2546B0A200A5AC64 /* ImageDownloaderViewController.swift */ = {isa = PBXFileReference; lastKnownFileType = sourcecode.swift; path = ImageDownloaderViewController.swift; sourceTree = "<group>"; };
		07E349D12546C86700A5AC64 /* LoadingViewController.swift */ = {isa = PBXFileReference; lastKnownFileType = sourcecode.swift; path = LoadingViewController.swift; sourceTree = "<group>"; };
		07E349D32546C87300A5AC64 /* LoadingViewController.xib */ = {isa = PBXFileReference; lastKnownFileType = file.xib; path = LoadingViewController.xib; sourceTree = "<group>"; };
		07E349D52546CBB500A5AC64 /* LoadingHelper.swift */ = {isa = PBXFileReference; lastKnownFileType = sourcecode.swift; path = LoadingHelper.swift; sourceTree = "<group>"; };
		F40927D0252B16F600739853 /* SQLiteDAO.swift */ = {isa = PBXFileReference; lastKnownFileType = sourcecode.swift; path = SQLiteDAO.swift; sourceTree = "<group>"; };
		F40927D3252B178E00739853 /* libsqlite3.tbd */ = {isa = PBXFileReference; lastKnownFileType = "sourcecode.text-based-dylib-definition"; name = libsqlite3.tbd; path = usr/lib/libsqlite3.tbd; sourceTree = SDKROOT; };
		F40927D5252B17E300739853 /* BridgeHeader.h */ = {isa = PBXFileReference; lastKnownFileType = sourcecode.c.h; path = BridgeHeader.h; sourceTree = "<group>"; };
		F4131871252EBA2D002E3DCB /* CompanyDB.sqlite */ = {isa = PBXFileReference; fileEncoding = 4; lastKnownFileType = text; path = CompanyDB.sqlite; sourceTree = "<group>"; };
		F4131873252EDF6D002E3DCB /* EmployeeDAO.swift */ = {isa = PBXFileReference; lastKnownFileType = sourcecode.swift; path = EmployeeDAO.swift; sourceTree = "<group>"; };
		F4131876252EE1D6002E3DCB /* EmployeeModel.swift */ = {isa = PBXFileReference; lastKnownFileType = sourcecode.swift; path = EmployeeModel.swift; sourceTree = "<group>"; };
		F4131879252EE246002E3DCB /* CommonEnums.swift */ = {isa = PBXFileReference; lastKnownFileType = sourcecode.swift; path = CommonEnums.swift; sourceTree = "<group>"; };
		F413187B252EF341002E3DCB /* DBbaseEnum.swift */ = {isa = PBXFileReference; lastKnownFileType = sourcecode.swift; path = DBbaseEnum.swift; sourceTree = "<group>"; };
		F416446925485EBC008E3D45 /* AlertViewController.xib */ = {isa = PBXFileReference; lastKnownFileType = file.xib; path = AlertViewController.xib; sourceTree = "<group>"; };
		F416446B25485ED5008E3D45 /* AlertViewController.swift */ = {isa = PBXFileReference; lastKnownFileType = sourcecode.swift; path = AlertViewController.swift; sourceTree = "<group>"; };
		F416446D254860A2008E3D45 /* Functions.storyboard */ = {isa = PBXFileReference; lastKnownFileType = file.storyboard; path = Functions.storyboard; sourceTree = "<group>"; };
		F416446F254860B1008E3D45 /* FunctionsViewController.swift */ = {isa = PBXFileReference; lastKnownFileType = sourcecode.swift; path = FunctionsViewController.swift; sourceTree = "<group>"; };
		F43CE5862522255300A995F6 /* CustomTextFieldViewController.swift */ = {isa = PBXFileReference; lastKnownFileType = sourcecode.swift; path = CustomTextFieldViewController.swift; sourceTree = "<group>"; };
		F43CE58A2522256800A995F6 /* CustomTextField.storyboard */ = {isa = PBXFileReference; lastKnownFileType = file.storyboard; path = CustomTextField.storyboard; sourceTree = "<group>"; };
		F44516FD2522CEFA00FC8B7B /* BaseTextField.swift */ = {isa = PBXFileReference; fileEncoding = 4; lastKnownFileType = sourcecode.swift; path = BaseTextField.swift; sourceTree = "<group>"; };
		F44516FF2522CF0300FC8B7B /* RegexValidator.swift */ = {isa = PBXFileReference; fileEncoding = 4; lastKnownFileType = sourcecode.swift; path = RegexValidator.swift; sourceTree = "<group>"; };
		F44517002522CF0300FC8B7B /* TextFieldManager.swift */ = {isa = PBXFileReference; fileEncoding = 4; lastKnownFileType = sourcecode.swift; path = TextFieldManager.swift; sourceTree = "<group>"; };
		F44517012522CF0300FC8B7B /* TapGestureHelper.swift */ = {isa = PBXFileReference; fileEncoding = 4; lastKnownFileType = sourcecode.swift; path = TapGestureHelper.swift; sourceTree = "<group>"; };
		F44517062522F32A00FC8B7B /* CustomTextField.swift */ = {isa = PBXFileReference; lastKnownFileType = sourcecode.swift; path = CustomTextField.swift; sourceTree = "<group>"; };
		F44517082522F33800FC8B7B /* CustomTextField.xib */ = {isa = PBXFileReference; lastKnownFileType = file.xib; path = CustomTextField.xib; sourceTree = "<group>"; };
		F44B9BC3248CB8BD00761436 /* SwiftGuide.app */ = {isa = PBXFileReference; explicitFileType = wrapper.application; includeInIndex = 0; path = SwiftGuide.app; sourceTree = BUILT_PRODUCTS_DIR; };
		F44B9BC6248CB8BD00761436 /* AppDelegate.swift */ = {isa = PBXFileReference; lastKnownFileType = sourcecode.swift; path = AppDelegate.swift; sourceTree = "<group>"; };
		F44B9BC8248CB8BD00761436 /* SceneDelegate.swift */ = {isa = PBXFileReference; lastKnownFileType = sourcecode.swift; path = SceneDelegate.swift; sourceTree = "<group>"; };
		F44B9BCA248CB8BD00761436 /* MainViewController.swift */ = {isa = PBXFileReference; lastKnownFileType = sourcecode.swift; path = MainViewController.swift; sourceTree = "<group>"; };
		F44B9BCD248CB8BD00761436 /* Base */ = {isa = PBXFileReference; lastKnownFileType = file.storyboard; name = Base; path = Base.lproj/Main.storyboard; sourceTree = "<group>"; };
		F44B9BCF248CB8BF00761436 /* Assets.xcassets */ = {isa = PBXFileReference; lastKnownFileType = folder.assetcatalog; path = Assets.xcassets; sourceTree = "<group>"; };
		F44B9BD2248CB8BF00761436 /* Base */ = {isa = PBXFileReference; lastKnownFileType = file.storyboard; name = Base; path = Base.lproj/LaunchScreen.storyboard; sourceTree = "<group>"; };
		F44B9BD4248CB8BF00761436 /* Info.plist */ = {isa = PBXFileReference; lastKnownFileType = text.plist.xml; path = Info.plist; sourceTree = "<group>"; };
/* End PBXFileReference section */

/* Begin PBXFrameworksBuildPhase section */
		F44B9BC0248CB8BD00761436 /* Frameworks */ = {
			isa = PBXFrameworksBuildPhase;
			buildActionMask = 2147483647;
			files = (
				F40927D4252B17A400739853 /* libsqlite3.tbd in Frameworks */,
			);
			runOnlyForDeploymentPostprocessing = 0;
		};
/* End PBXFrameworksBuildPhase section */

/* Begin PBXGroup section */
		07E349D02546C81E00A5AC64 /* LoadingView */ = {
			isa = PBXGroup;
			children = (
				07E349D12546C86700A5AC64 /* LoadingViewController.swift */,
				07E349D32546C87300A5AC64 /* LoadingViewController.xib */,
			);
			path = LoadingView;
			sourceTree = "<group>";
		};
		F40927CC252B12A400739853 /* Resource */ = {
			isa = PBXGroup;
			children = (
				F40927D5252B17E300739853 /* BridgeHeader.h */,
				F4131871252EBA2D002E3DCB /* CompanyDB.sqlite */,
			);
			path = Resource;
			sourceTree = "<group>";
		};
		F40927CE252B16A300739853 /* Models */ = {
			isa = PBXGroup;
			children = (
				F4131878252EE235002E3DCB /* CommonModels */,
				F40927CF252B16CC00739853 /* SQLiteDB */,
			);
			path = Models;
			sourceTree = "<group>";
		};
		F40927CF252B16CC00739853 /* SQLiteDB */ = {
			isa = PBXGroup;
			children = (
				F4131875252EE1C1002E3DCB /* DBmodels */,
				F4A0F660252C634C00FFD2A7 /* DBbase */,
				F4A0F65D252C630B00FFD2A7 /* DAOmodels */,
			);
			path = SQLiteDB;
			sourceTree = "<group>";
		};
		F40927D2252B178E00739853 /* Frameworks */ = {
			isa = PBXGroup;
			children = (
				F40927D3252B178E00739853 /* libsqlite3.tbd */,
			);
			name = Frameworks;
			sourceTree = "<group>";
		};
		F4131875252EE1C1002E3DCB /* DBmodels */ = {
			isa = PBXGroup;
			children = (
				F4131876252EE1D6002E3DCB /* EmployeeModel.swift */,
			);
			path = DBmodels;
			sourceTree = "<group>";
		};
		F4131878252EE235002E3DCB /* CommonModels */ = {
			isa = PBXGroup;
			children = (
				F4131879252EE246002E3DCB /* CommonEnums.swift */,
			);
			path = CommonModels;
			sourceTree = "<group>";
		};
		F416446825485E9A008E3D45 /* AlertView */ = {
			isa = PBXGroup;
			children = (
				F416446925485EBC008E3D45 /* AlertViewController.xib */,
				F416446B25485ED5008E3D45 /* AlertViewController.swift */,
			);
			path = AlertView;
			sourceTree = "<group>";
		};
		F43CE584252224E000A995F6 /* Controllers */ = {
			isa = PBXGroup;
			children = (
				F43CE5862522255300A995F6 /* CustomTextFieldViewController.swift */,
				07E349CE2546B0A200A5AC64 /* ImageDownloaderViewController.swift */,
				F416446F254860B1008E3D45 /* FunctionsViewController.swift */,
			);
			path = Controllers;
			sourceTree = "<group>";
		};
		F43CE5852522251500A995F6 /* Storyboards */ = {
			isa = PBXGroup;
			children = (
				F43CE58A2522256800A995F6 /* CustomTextField.storyboard */,
				07E349CC2546B08800A5AC64 /* ImageDownloader.storyboard */,
				F416446D254860A2008E3D45 /* Functions.storyboard */,
			);
			path = Storyboards;
			sourceTree = "<group>";
		};
		F44516FA2522CEBB00FC8B7B /* Views */ = {
			isa = PBXGroup;
			children = (
				F416446825485E9A008E3D45 /* AlertView */,
				07E349D02546C81E00A5AC64 /* LoadingView */,
				F44517052522F2FC00FC8B7B /* CustomTextField */,
				F44516FB2522CECF00FC8B7B /* BaseTextField */,
			);
			path = Views;
			sourceTree = "<group>";
		};
		F44516FB2522CECF00FC8B7B /* BaseTextField */ = {
			isa = PBXGroup;
			children = (
				F44516FD2522CEFA00FC8B7B /* BaseTextField.swift */,
			);
			path = BaseTextField;
			sourceTree = "<group>";
		};
		F44516FC2522CEE300FC8B7B /* Helpers */ = {
			isa = PBXGroup;
			children = (
				F44516FF2522CF0300FC8B7B /* RegexValidator.swift */,
				F44517012522CF0300FC8B7B /* TapGestureHelper.swift */,
				F44517002522CF0300FC8B7B /* TextFieldManager.swift */,
				07E349D52546CBB500A5AC64 /* LoadingHelper.swift */,
			);
			path = Helpers;
			sourceTree = "<group>";
		};
		F44517052522F2FC00FC8B7B /* CustomTextField */ = {
			isa = PBXGroup;
			children = (
				F44517062522F32A00FC8B7B /* CustomTextField.swift */,
				F44517082522F33800FC8B7B /* CustomTextField.xib */,
			);
			path = CustomTextField;
			sourceTree = "<group>";
		};
		F44B9BBA248CB8BD00761436 = {
			isa = PBXGroup;
			children = (
				F44B9BC5248CB8BD00761436 /* SwiftGuide */,
				F44B9BC4248CB8BD00761436 /* Products */,
				F40927D2252B178E00739853 /* Frameworks */,
			);
			sourceTree = "<group>";
		};
		F44B9BC4248CB8BD00761436 /* Products */ = {
			isa = PBXGroup;
			children = (
				F44B9BC3248CB8BD00761436 /* SwiftGuide.app */,
			);
			name = Products;
			sourceTree = "<group>";
		};
		F44B9BC5248CB8BD00761436 /* SwiftGuide */ = {
			isa = PBXGroup;
			children = (
				F40927CE252B16A300739853 /* Models */,
				F40927CC252B12A400739853 /* Resource */,
				F44516FC2522CEE300FC8B7B /* Helpers */,
				F44516FA2522CEBB00FC8B7B /* Views */,
				F43CE5852522251500A995F6 /* Storyboards */,
				F43CE584252224E000A995F6 /* Controllers */,
				F44B9BC6248CB8BD00761436 /* AppDelegate.swift */,
				F44B9BC8248CB8BD00761436 /* SceneDelegate.swift */,
				F44B9BCA248CB8BD00761436 /* MainViewController.swift */,
				F44B9BCC248CB8BD00761436 /* Main.storyboard */,
				F44B9BCF248CB8BF00761436 /* Assets.xcassets */,
				F44B9BD1248CB8BF00761436 /* LaunchScreen.storyboard */,
				F44B9BD4248CB8BF00761436 /* Info.plist */,
			);
			path = SwiftGuide;
			sourceTree = "<group>";
		};
		F4A0F65D252C630B00FFD2A7 /* DAOmodels */ = {
			isa = PBXGroup;
			children = (
				F4131873252EDF6D002E3DCB /* EmployeeDAO.swift */,
			);
			path = DAOmodels;
			sourceTree = "<group>";
		};
		F4A0F660252C634C00FFD2A7 /* DBbase */ = {
			isa = PBXGroup;
			children = (
				F40927D0252B16F600739853 /* SQLiteDAO.swift */,
				F413187B252EF341002E3DCB /* DBbaseEnum.swift */,
			);
			path = DBbase;
			sourceTree = "<group>";
		};
/* End PBXGroup section */

/* Begin PBXNativeTarget section */
		F44B9BC2248CB8BD00761436 /* SwiftGuide */ = {
			isa = PBXNativeTarget;
			buildConfigurationList = F44B9BD7248CB8BF00761436 /* Build configuration list for PBXNativeTarget "SwiftGuide" */;
			buildPhases = (
				F44B9BBF248CB8BD00761436 /* Sources */,
				F44B9BC0248CB8BD00761436 /* Frameworks */,
				F44B9BC1248CB8BD00761436 /* Resources */,
			);
			buildRules = (
			);
			dependencies = (
			);
			name = SwiftGuide;
			productName = SwiftGuide;
			productReference = F44B9BC3248CB8BD00761436 /* SwiftGuide.app */;
			productType = "com.apple.product-type.application";
		};
/* End PBXNativeTarget section */

/* Begin PBXProject section */
		F44B9BBB248CB8BD00761436 /* Project object */ = {
			isa = PBXProject;
			attributes = {
				LastSwiftUpdateCheck = 1150;
				LastUpgradeCheck = 1200;
				ORGANIZATIONNAME = "Ting-chien Wang";
				TargetAttributes = {
					F44B9BC2248CB8BD00761436 = {
						CreatedOnToolsVersion = 11.5;
					};
				};
			};
			buildConfigurationList = F44B9BBE248CB8BD00761436 /* Build configuration list for PBXProject "SwiftGuide" */;
			compatibilityVersion = "Xcode 9.3";
			developmentRegion = en;
			hasScannedForEncodings = 0;
			knownRegions = (
				en,
				Base,
			);
			mainGroup = F44B9BBA248CB8BD00761436;
			productRefGroup = F44B9BC4248CB8BD00761436 /* Products */;
			projectDirPath = "";
			projectRoot = "";
			targets = (
				F44B9BC2248CB8BD00761436 /* SwiftGuide */,
			);
		};
/* End PBXProject section */

/* Begin PBXResourcesBuildPhase section */
		F44B9BC1248CB8BD00761436 /* Resources */ = {
			isa = PBXResourcesBuildPhase;
			buildActionMask = 2147483647;
			files = (
				07E349CD2546B08800A5AC64 /* ImageDownloader.storyboard in Resources */,
				F44517092522F33800FC8B7B /* CustomTextField.xib in Resources */,
				F416446A25485EBC008E3D45 /* AlertViewController.xib in Resources */,
				F44B9BD3248CB8BF00761436 /* LaunchScreen.storyboard in Resources */,
				F43CE58B2522256800A995F6 /* CustomTextField.storyboard in Resources */,
				F4131872252EBA2D002E3DCB /* CompanyDB.sqlite in Resources */,
				F44B9BD0248CB8BF00761436 /* Assets.xcassets in Resources */,
				F44B9BCE248CB8BD00761436 /* Main.storyboard in Resources */,
				F416446E254860A2008E3D45 /* Functions.storyboard in Resources */,
				07E349D42546C87300A5AC64 /* LoadingViewController.xib in Resources */,
			);
			runOnlyForDeploymentPostprocessing = 0;
		};
/* End PBXResourcesBuildPhase section */

/* Begin PBXSourcesBuildPhase section */
		F44B9BBF248CB8BD00761436 /* Sources */ = {
			isa = PBXSourcesBuildPhase;
			buildActionMask = 2147483647;
			files = (
				F44517022522CF0300FC8B7B /* RegexValidator.swift in Sources */,
				F413187C252EF341002E3DCB /* DBbaseEnum.swift in Sources */,
				F4164470254860B1008E3D45 /* FunctionsViewController.swift in Sources */,
				07E349D62546CBB500A5AC64 /* LoadingHelper.swift in Sources */,
				F4131874252EDF6D002E3DCB /* EmployeeDAO.swift in Sources */,
				07E349D22546C86700A5AC64 /* LoadingViewController.swift in Sources */,
				F44B9BCB248CB8BD00761436 /* MainViewController.swift in Sources */,
				F4131877252EE1D6002E3DCB /* EmployeeModel.swift in Sources */,
				07E349CF2546B0A200A5AC64 /* ImageDownloaderViewController.swift in Sources */,
				F40927D1252B16F600739853 /* SQLiteDAO.swift in Sources */,
				F413187A252EE246002E3DCB /* CommonEnums.swift in Sources */,
				F43CE5872522255300A995F6 /* CustomTextFieldViewController.swift in Sources */,
				F44517032522CF0300FC8B7B /* TextFieldManager.swift in Sources */,
				F44516FE2522CEFA00FC8B7B /* BaseTextField.swift in Sources */,
				F416446C25485ED5008E3D45 /* AlertViewController.swift in Sources */,
				F44517042522CF0300FC8B7B /* TapGestureHelper.swift in Sources */,
				F44B9BC7248CB8BD00761436 /* AppDelegate.swift in Sources */,
				F44B9BC9248CB8BD00761436 /* SceneDelegate.swift in Sources */,
				F44517072522F32A00FC8B7B /* CustomTextField.swift in Sources */,
			);
			runOnlyForDeploymentPostprocessing = 0;
		};
/* End PBXSourcesBuildPhase section */

/* Begin PBXVariantGroup section */
		F44B9BCC248CB8BD00761436 /* Main.storyboard */ = {
			isa = PBXVariantGroup;
			children = (
				F44B9BCD248CB8BD00761436 /* Base */,
			);
			name = Main.storyboard;
			sourceTree = "<group>";
		};
		F44B9BD1248CB8BF00761436 /* LaunchScreen.storyboard */ = {
			isa = PBXVariantGroup;
			children = (
				F44B9BD2248CB8BF00761436 /* Base */,
			);
			name = LaunchScreen.storyboard;
			sourceTree = "<group>";
		};
/* End PBXVariantGroup section */

/* Begin XCBuildConfiguration section */
		F44B9BD5248CB8BF00761436 /* Debug */ = {
			isa = XCBuildConfiguration;
			buildSettings = {
				ALWAYS_SEARCH_USER_PATHS = NO;
				CLANG_ANALYZER_NONNULL = YES;
				CLANG_ANALYZER_NUMBER_OBJECT_CONVERSION = YES_AGGRESSIVE;
				CLANG_CXX_LANGUAGE_STANDARD = "gnu++14";
				CLANG_CXX_LIBRARY = "libc++";
				CLANG_ENABLE_MODULES = YES;
				CLANG_ENABLE_OBJC_ARC = YES;
				CLANG_ENABLE_OBJC_WEAK = YES;
				CLANG_WARN_BLOCK_CAPTURE_AUTORELEASING = YES;
				CLANG_WARN_BOOL_CONVERSION = YES;
				CLANG_WARN_COMMA = YES;
				CLANG_WARN_CONSTANT_CONVERSION = YES;
				CLANG_WARN_DEPRECATED_OBJC_IMPLEMENTATIONS = YES;
				CLANG_WARN_DIRECT_OBJC_ISA_USAGE = YES_ERROR;
				CLANG_WARN_DOCUMENTATION_COMMENTS = YES;
				CLANG_WARN_EMPTY_BODY = YES;
				CLANG_WARN_ENUM_CONVERSION = YES;
				CLANG_WARN_INFINITE_RECURSION = YES;
				CLANG_WARN_INT_CONVERSION = YES;
				CLANG_WARN_NON_LITERAL_NULL_CONVERSION = YES;
				CLANG_WARN_OBJC_IMPLICIT_RETAIN_SELF = YES;
				CLANG_WARN_OBJC_LITERAL_CONVERSION = YES;
				CLANG_WARN_OBJC_ROOT_CLASS = YES_ERROR;
				CLANG_WARN_QUOTED_INCLUDE_IN_FRAMEWORK_HEADER = YES;
				CLANG_WARN_RANGE_LOOP_ANALYSIS = YES;
				CLANG_WARN_STRICT_PROTOTYPES = YES;
				CLANG_WARN_SUSPICIOUS_MOVE = YES;
				CLANG_WARN_UNGUARDED_AVAILABILITY = YES_AGGRESSIVE;
				CLANG_WARN_UNREACHABLE_CODE = YES;
				CLANG_WARN__DUPLICATE_METHOD_MATCH = YES;
				COPY_PHASE_STRIP = NO;
				DEBUG_INFORMATION_FORMAT = dwarf;
				ENABLE_STRICT_OBJC_MSGSEND = YES;
				ENABLE_TESTABILITY = YES;
				GCC_C_LANGUAGE_STANDARD = gnu11;
				GCC_DYNAMIC_NO_PIC = NO;
				GCC_NO_COMMON_BLOCKS = YES;
				GCC_OPTIMIZATION_LEVEL = 0;
				GCC_PREPROCESSOR_DEFINITIONS = (
					"DEBUG=1",
					"$(inherited)",
				);
				GCC_WARN_64_TO_32_BIT_CONVERSION = YES;
				GCC_WARN_ABOUT_RETURN_TYPE = YES_ERROR;
				GCC_WARN_UNDECLARED_SELECTOR = YES;
				GCC_WARN_UNINITIALIZED_AUTOS = YES_AGGRESSIVE;
				GCC_WARN_UNUSED_FUNCTION = YES;
				GCC_WARN_UNUSED_VARIABLE = YES;
				IPHONEOS_DEPLOYMENT_TARGET = 13.5;
				MTL_ENABLE_DEBUG_INFO = INCLUDE_SOURCE;
				MTL_FAST_MATH = YES;
				ONLY_ACTIVE_ARCH = YES;
				SDKROOT = iphoneos;
				SWIFT_ACTIVE_COMPILATION_CONDITIONS = DEBUG;
				SWIFT_OPTIMIZATION_LEVEL = "-Onone";
			};
			name = Debug;
		};
		F44B9BD6248CB8BF00761436 /* Release */ = {
			isa = XCBuildConfiguration;
			buildSettings = {
				ALWAYS_SEARCH_USER_PATHS = NO;
				CLANG_ANALYZER_NONNULL = YES;
				CLANG_ANALYZER_NUMBER_OBJECT_CONVERSION = YES_AGGRESSIVE;
				CLANG_CXX_LANGUAGE_STANDARD = "gnu++14";
				CLANG_CXX_LIBRARY = "libc++";
				CLANG_ENABLE_MODULES = YES;
				CLANG_ENABLE_OBJC_ARC = YES;
				CLANG_ENABLE_OBJC_WEAK = YES;
				CLANG_WARN_BLOCK_CAPTURE_AUTORELEASING = YES;
				CLANG_WARN_BOOL_CONVERSION = YES;
				CLANG_WARN_COMMA = YES;
				CLANG_WARN_CONSTANT_CONVERSION = YES;
				CLANG_WARN_DEPRECATED_OBJC_IMPLEMENTATIONS = YES;
				CLANG_WARN_DIRECT_OBJC_ISA_USAGE = YES_ERROR;
				CLANG_WARN_DOCUMENTATION_COMMENTS = YES;
				CLANG_WARN_EMPTY_BODY = YES;
				CLANG_WARN_ENUM_CONVERSION = YES;
				CLANG_WARN_INFINITE_RECURSION = YES;
				CLANG_WARN_INT_CONVERSION = YES;
				CLANG_WARN_NON_LITERAL_NULL_CONVERSION = YES;
				CLANG_WARN_OBJC_IMPLICIT_RETAIN_SELF = YES;
				CLANG_WARN_OBJC_LITERAL_CONVERSION = YES;
				CLANG_WARN_OBJC_ROOT_CLASS = YES_ERROR;
				CLANG_WARN_QUOTED_INCLUDE_IN_FRAMEWORK_HEADER = YES;
				CLANG_WARN_RANGE_LOOP_ANALYSIS = YES;
				CLANG_WARN_STRICT_PROTOTYPES = YES;
				CLANG_WARN_SUSPICIOUS_MOVE = YES;
				CLANG_WARN_UNGUARDED_AVAILABILITY = YES_AGGRESSIVE;
				CLANG_WARN_UNREACHABLE_CODE = YES;
				CLANG_WARN__DUPLICATE_METHOD_MATCH = YES;
				COPY_PHASE_STRIP = NO;
				DEBUG_INFORMATION_FORMAT = "dwarf-with-dsym";
				ENABLE_NS_ASSERTIONS = NO;
				ENABLE_STRICT_OBJC_MSGSEND = YES;
				GCC_C_LANGUAGE_STANDARD = gnu11;
				GCC_NO_COMMON_BLOCKS = YES;
				GCC_WARN_64_TO_32_BIT_CONVERSION = YES;
				GCC_WARN_ABOUT_RETURN_TYPE = YES_ERROR;
				GCC_WARN_UNDECLARED_SELECTOR = YES;
				GCC_WARN_UNINITIALIZED_AUTOS = YES_AGGRESSIVE;
				GCC_WARN_UNUSED_FUNCTION = YES;
				GCC_WARN_UNUSED_VARIABLE = YES;
				IPHONEOS_DEPLOYMENT_TARGET = 13.5;
				MTL_ENABLE_DEBUG_INFO = NO;
				MTL_FAST_MATH = YES;
				SDKROOT = iphoneos;
				SWIFT_COMPILATION_MODE = wholemodule;
				SWIFT_OPTIMIZATION_LEVEL = "-O";
				VALIDATE_PRODUCT = YES;
			};
			name = Release;
		};
		F44B9BD8248CB8BF00761436 /* Debug */ = {
			isa = XCBuildConfiguration;
			buildSettings = {
				ASSETCATALOG_COMPILER_APPICON_NAME = AppIcon;
				CODE_SIGN_STYLE = Automatic;
				DEVELOPMENT_TEAM = 8S6345R23K;
				INFOPLIST_FILE = SwiftGuide/Info.plist;
				LD_RUNPATH_SEARCH_PATHS = (
					"$(inherited)",
					"@executable_path/Frameworks",
				);
				PRODUCT_BUNDLE_IDENTIFIER = com..SwiftGuide;
				PRODUCT_NAME = "$(TARGET_NAME)";
				SWIFT_OBJC_BRIDGING_HEADER = SwiftGuide/Resource/BridgeHeader.h;
				SWIFT_VERSION = 5.0;
				TARGETED_DEVICE_FAMILY = "1,2";
			};
			name = Debug;
		};
		F44B9BD9248CB8BF00761436 /* Release */ = {
			isa = XCBuildConfiguration;
			buildSettings = {
				ASSETCATALOG_COMPILER_APPICON_NAME = AppIcon;
				CODE_SIGN_STYLE = Automatic;
				DEVELOPMENT_TEAM = 8S6345R23K;
				INFOPLIST_FILE = SwiftGuide/Info.plist;
				LD_RUNPATH_SEARCH_PATHS = (
					"$(inherited)",
					"@executable_path/Frameworks",
				);
				PRODUCT_BUNDLE_IDENTIFIER = com..SwiftGuide;
				PRODUCT_NAME = "$(TARGET_NAME)";
				SWIFT_OBJC_BRIDGING_HEADER = SwiftGuide/Resource/BridgeHeader.h;
				SWIFT_VERSION = 5.0;
				TARGETED_DEVICE_FAMILY = "1,2";
			};
			name = Release;
		};
/* End XCBuildConfiguration section */

/* Begin XCConfigurationList section */
		F44B9BBE248CB8BD00761436 /* Build configuration list for PBXProject "SwiftGuide" */ = {
			isa = XCConfigurationList;
			buildConfigurations = (
				F44B9BD5248CB8BF00761436 /* Debug */,
				F44B9BD6248CB8BF00761436 /* Release */,
			);
			defaultConfigurationIsVisible = 0;
			defaultConfigurationName = Release;
		};
		F44B9BD7248CB8BF00761436 /* Build configuration list for PBXNativeTarget "SwiftGuide" */ = {
			isa = XCConfigurationList;
			buildConfigurations = (
				F44B9BD8248CB8BF00761436 /* Debug */,
				F44B9BD9248CB8BF00761436 /* Release */,
			);
			defaultConfigurationIsVisible = 0;
			defaultConfigurationName = Release;
		};
/* End XCConfigurationList section */
	};
	rootObject = F44B9BBB248CB8BD00761436 /* Project object */;
}
