// !$*UTF8*$!
{
	archiveVersion = 1;
	classes = {
	};
	objectVersion = 50;
	objects = {

/* Begin PBXBuildFile section */
		F44B9BC7248CB8BD00761436 /* AppDelegate.swift in Sources */ = {isa = PBXBuildFile; fileRef = F44B9BC6248CB8BD00761436 /* AppDelegate.swift */; };
		F44B9BC9248CB8BD00761436 /* SceneDelegate.swift in Sources */ = {isa = PBXBuildFile; fileRef = F44B9BC8248CB8BD00761436 /* SceneDelegate.swift */; };
		F44B9BCB248CB8BD00761436 /* MainViewController.swift in Sources */ = {isa = PBXBuildFile; fileRef = F44B9BCA248CB8BD00761436 /* MainViewController.swift */; };
		F44B9BCE248CB8BD00761436 /* Main.storyboard in Resources */ = {isa = PBXBuildFile; fileRef = F44B9BCC248CB8BD00761436 /* Main.storyboard */; };
		F44B9BD0248CB8BF00761436 /* Assets.xcassets in Resources */ = {isa = PBXBuildFile; fileRef = F44B9BCF248CB8BF00761436 /* Assets.xcassets */; };
		F44B9BD3248CB8BF00761436 /* LaunchScreen.storyboard in Resources */ = {isa = PBXBuildFile; fileRef = F44B9BD1248CB8BF00761436 /* LaunchScreen.storyboard */; };
/* End PBXBuildFile section */

/* Begin PBXFileReference section */
		F44B9BC3248CB8BD00761436 /* SwiftGuide.app */ = {isa = PBXFileReference; explicitFileType = wrapper.application; includeInIndex = 0; path = SwiftGuide.app; sourceTree = BUILT_PRODUCTS_DIR; };
		F44B9BC6248CB8BD00761436 /* AppDelegate.swift */ = {isa = PBXFileReference; lastKnownFileType = sourcecode.swift; path = AppDelegate.swift; sourceTree = "<group>"; };
		F44B9BC8248CB8BD00761436 /* SceneDelegate.swift */ = {isa = PBXFileReference; lastKnownFileType = sourcecode.swift; path = SceneDelegate.swift; sourceTree = "<group>"; };
		F44B9BCA248CB8BD00761436 /* MainViewController.swift */ = {isa = PBXFileReference; lastKnownFileType = sourcecode.swift; path = MainViewController.swift; sourceTree = "<group>"; };
		F44B9BCD248CB8BD00761436 /* Base */ = {isa = PBXFileReference; lastKnownFileType = file.storyboard; name = Base; path = Base.lproj/Main.storyboard; sourceTree = "<group>"; };
		F44B9BCF248CB8BF00761436 /* Assets.xcassets */ = {isa = PBXFileReference; lastKnownFileType = folder.assetcatalog; path = Assets.xcassets; sourceTree = "<group>"; };
		F44B9BD2248CB8BF00761436 /* Base */ = {isa = PBXFileReference; lastKnownFileType = file.storyboard; name = Base; path = Base.lproj/LaunchScreen.storyboard; sourceTree = "<group>"; };
		F44B9BD4248CB8BF00761436 /* Info.plist */ = {isa = PBXFileReference; lastKnownFileType = text.plist.xml; path = Info.plist; sourceTree = "<group>"; };
/* End PBXFileReference section */

/* Begin PBXFrameworksBuildPhase section */
		F44B9BC0248CB8BD00761436 /* Frameworks */ = {
			isa = PBXFrameworksBuildPhase;
			buildActionMask = 2147483647;
			files = (
			);
			runOnlyForDeploymentPostprocessing = 0;
		};
/* End PBXFrameworksBuildPhase section */

/* Begin PBXGroup section */
		F44B9BBA248CB8BD00761436 = {
			isa = PBXGroup;
			children = (
				F44B9BC5248CB8BD00761436 /* SwiftGuide */,
				F44B9BC4248CB8BD00761436 /* Products */,
			);
			sourceTree = "<group>";
		};
		F44B9BC4248CB8BD00761436 /* Products */ = {
			isa = PBXGroup;
			children = (
				F44B9BC3248CB8BD00761436 /* SwiftGuide.app */,
			);
			name = Products;
			sourceTree = "<group>";
		};
		F44B9BC5248CB8BD00761436 /* SwiftGuide */ = {
			isa = PBXGroup;
			children = (
				F44B9BC6248CB8BD00761436 /* AppDelegate.swift */,
				F44B9BC8248CB8BD00761436 /* SceneDelegate.swift */,
				F44B9BCA248CB8BD00761436 /* MainViewController.swift */,
				F44B9BCC248CB8BD00761436 /* Main.storyboard */,
				F44B9BCF248CB8BF00761436 /* Assets.xcassets */,
				F44B9BD1248CB8BF00761436 /* LaunchScreen.storyboard */,
				F44B9BD4248CB8BF00761436 /* Info.plist */,
			);
			path = SwiftGuide;
			sourceTree = "<group>";
		};
/* End PBXGroup section */

/* Begin PBXNativeTarget section */
		F44B9BC2248CB8BD00761436 /* SwiftGuide */ = {
			isa = PBXNativeTarget;
			buildConfigurationList = F44B9BD7248CB8BF00761436 /* Build configuration list for PBXNativeTarget "SwiftGuide" */;
			buildPhases = (
				F44B9BBF248CB8BD00761436 /* Sources */,
				F44B9BC0248CB8BD00761436 /* Frameworks */,
				F44B9BC1248CB8BD00761436 /* Resources */,
			);
			buildRules = (
			);
			dependencies = (
			);
			name = SwiftGuide;
			productName = SwiftGuide;
			productReference = F44B9BC3248CB8BD00761436 /* SwiftGuide.app */;
			productType = "com.apple.product-type.application";
		};
/* End PBXNativeTarget section */

/* Begin PBXProject section */
		F44B9BBB248CB8BD00761436 /* Project object */ = {
			isa = PBXProject;
			attributes = {
				LastSwiftUpdateCheck = 1150;
				LastUpgradeCheck = 1150;
				ORGANIZATIONNAME = "Ting-chien Wang";
				TargetAttributes = {
					F44B9BC2248CB8BD00761436 = {
						CreatedOnToolsVersion = 11.5;
					};
				};
			};
			buildConfigurationList = F44B9BBE248CB8BD00761436 /* Build configuration list for PBXProject "SwiftGuide" */;
			compatibilityVersion = "Xcode 9.3";
			developmentRegion = en;
			hasScannedForEncodings = 0;
			knownRegions = (
				en,
				Base,
			);
			mainGroup = F44B9BBA248CB8BD00761436;
			productRefGroup = F44B9BC4248CB8BD00761436 /* Products */;
			projectDirPath = "";
			projectRoot = "";
			targets = (
				F44B9BC2248CB8BD00761436 /* SwiftGuide */,
			);
		};
/* End PBXProject section */

/* Begin PBXResourcesBuildPhase section */
		F44B9BC1248CB8BD00761436 /* Resources */ = {
			isa = PBXResourcesBuildPhase;
			buildActionMask = 2147483647;
			files = (
				F44B9BD3248CB8BF00761436 /* LaunchScreen.storyboard in Resources */,
				F44B9BD0248CB8BF00761436 /* Assets.xcassets in Resources */,
				F44B9BCE248CB8BD00761436 /* Main.storyboard in Resources */,
			);
			runOnlyForDeploymentPostprocessing = 0;
		};
/* End PBXResourcesBuildPhase section */

/* Begin PBXSourcesBuildPhase section */
		F44B9BBF248CB8BD00761436 /* Sources */ = {
			isa = PBXSourcesBuildPhase;
			buildActionMask = 2147483647;
			files = (
				F44B9BCB248CB8BD00761436 /* MainViewController.swift in Sources */,
				F44B9BC7248CB8BD00761436 /* AppDelegate.swift in Sources */,
				F44B9BC9248CB8BD00761436 /* SceneDelegate.swift in Sources */,
			);
			runOnlyForDeploymentPostprocessing = 0;
		};
/* End PBXSourcesBuildPhase section */

/* Begin PBXVariantGroup section */
		F44B9BCC248CB8BD00761436 /* Main.storyboard */ = {
			isa = PBXVariantGroup;
			children = (
				F44B9BCD248CB8BD00761436 /* Base */,
			);
			name = Main.storyboard;
			sourceTree = "<group>";
		};
		F44B9BD1248CB8BF00761436 /* LaunchScreen.storyboard */ = {
			isa = PBXVariantGroup;
			children = (
				F44B9BD2248CB8BF00761436 /* Base */,
			);
			name = LaunchScreen.storyboard;
			sourceTree = "<group>";
		};
/* End PBXVariantGroup section */

/* Begin XCBuildConfiguration section */
		F44B9BD5248CB8BF00761436 /* Debug */ = {
			isa = XCBuildConfiguration;
			buildSettings = {
				ALWAYS_SEARCH_USER_PATHS = NO;
				CLANG_ANALYZER_NONNULL = YES;
				CLANG_ANALYZER_NUMBER_OBJECT_CONVERSION = YES_AGGRESSIVE;
				CLANG_CXX_LANGUAGE_STANDARD = "gnu++14";
				CLANG_CXX_LIBRARY = "libc++";
				CLANG_ENABLE_MODULES = YES;
				CLANG_ENABLE_OBJC_ARC = YES;
				CLANG_ENABLE_OBJC_WEAK = YES;
				CLANG_WARN_BLOCK_CAPTURE_AUTORELEASING = YES;
				CLANG_WARN_BOOL_CONVERSION = YES;
				CLANG_WARN_COMMA = YES;
				CLANG_WARN_CONSTANT_CONVERSION = YES;
				CLANG_WARN_DEPRECATED_OBJC_IMPLEMENTATIONS = YES;
				CLANG_WARN_DIRECT_OBJC_ISA_USAGE = YES_ERROR;
				CLANG_WARN_DOCUMENTATION_COMMENTS = YES;
				CLANG_WARN_EMPTY_BODY = YES;
				CLANG_WARN_ENUM_CONVERSION = YES;
				CLANG_WARN_INFINITE_RECURSION = YES;
				CLANG_WARN_INT_CONVERSION = YES;
				CLANG_WARN_NON_LITERAL_NULL_CONVERSION = YES;
				CLANG_WARN_OBJC_IMPLICIT_RETAIN_SELF = YES;
				CLANG_WARN_OBJC_LITERAL_CONVERSION = YES;
				CLANG_WARN_OBJC_ROOT_CLASS = YES_ERROR;
				CLANG_WARN_RANGE_LOOP_ANALYSIS = YES;
				CLANG_WARN_STRICT_PROTOTYPES = YES;
				CLANG_WARN_SUSPICIOUS_MOVE = YES;
				CLANG_WARN_UNGUARDED_AVAILABILITY = YES_AGGRESSIVE;
				CLANG_WARN_UNREACHABLE_CODE = YES;
				CLANG_WARN__DUPLICATE_METHOD_MATCH = YES;
				COPY_PHASE_STRIP = NO;
				DEBUG_INFORMATION_FORMAT = dwarf;
				ENABLE_STRICT_OBJC_MSGSEND = YES;
				ENABLE_TESTABILITY = YES;
				GCC_C_LANGUAGE_STANDARD = gnu11;
				GCC_DYNAMIC_NO_PIC = NO;
				GCC_NO_COMMON_BLOCKS = YES;
				GCC_OPTIMIZATION_LEVEL = 0;
				GCC_PREPROCESSOR_DEFINITIONS = (
					"DEBUG=1",
					"$(inherited)",
				);
				GCC_WARN_64_TO_32_BIT_CONVERSION = YES;
				GCC_WARN_ABOUT_RETURN_TYPE = YES_ERROR;
				GCC_WARN_UNDECLARED_SELECTOR = YES;
				GCC_WARN_UNINITIALIZED_AUTOS = YES_AGGRESSIVE;
				GCC_WARN_UNUSED_FUNCTION = YES;
				GCC_WARN_UNUSED_VARIABLE = YES;
				IPHONEOS_DEPLOYMENT_TARGET = 13.5;
				MTL_ENABLE_DEBUG_INFO = INCLUDE_SOURCE;
				MTL_FAST_MATH = YES;
				ONLY_ACTIVE_ARCH = YES;
				SDKROOT = iphoneos;
				SWIFT_ACTIVE_COMPILATION_CONDITIONS = DEBUG;
				SWIFT_OPTIMIZATION_LEVEL = "-Onone";
			};
			name = Debug;
		};
		F44B9BD6248CB8BF00761436 /* Release */ = {
			isa = XCBuildConfiguration;
			buildSettings = {
				ALWAYS_SEARCH_USER_PATHS = NO;
				CLANG_ANALYZER_NONNULL = YES;
				CLANG_ANALYZER_NUMBER_OBJECT_CONVERSION = YES_AGGRESSIVE;
				CLANG_CXX_LANGUAGE_STANDARD = "gnu++14";
				CLANG_CXX_LIBRARY = "libc++";
				CLANG_ENABLE_MODULES = YES;
				CLANG_ENABLE_OBJC_ARC = YES;
				CLANG_ENABLE_OBJC_WEAK = YES;
				CLANG_WARN_BLOCK_CAPTURE_AUTORELEASING = YES;
				CLANG_WARN_BOOL_CONVERSION = YES;
				CLANG_WARN_COMMA = YES;
				CLANG_WARN_CONSTANT_CONVERSION = YES;
				CLANG_WARN_DEPRECATED_OBJC_IMPLEMENTATIONS = YES;
				CLANG_WARN_DIRECT_OBJC_ISA_USAGE = YES_ERROR;
				CLANG_WARN_DOCUMENTATION_COMMENTS = YES;
				CLANG_WARN_EMPTY_BODY = YES;
				CLANG_WARN_ENUM_CONVERSION = YES;
				CLANG_WARN_INFINITE_RECURSION = YES;
				CLANG_WARN_INT_CONVERSION = YES;
				CLANG_WARN_NON_LITERAL_NULL_CONVERSION = YES;
				CLANG_WARN_OBJC_IMPLICIT_RETAIN_SELF = YES;
				CLANG_WARN_OBJC_LITERAL_CONVERSION = YES;
				CLANG_WARN_OBJC_ROOT_CLASS = YES_ERROR;
				CLANG_WARN_RANGE_LOOP_ANALYSIS = YES;
				CLANG_WARN_STRICT_PROTOTYPES = YES;
				CLANG_WARN_SUSPICIOUS_MOVE = YES;
				CLANG_WARN_UNGUARDED_AVAILABILITY = YES_AGGRESSIVE;
				CLANG_WARN_UNREACHABLE_CODE = YES;
				CLANG_WARN__DUPLICATE_METHOD_MATCH = YES;
				COPY_PHASE_STRIP = NO;
				DEBUG_INFORMATION_FORMAT = "dwarf-with-dsym";
				ENABLE_NS_ASSERTIONS = NO;
				ENABLE_STRICT_OBJC_MSGSEND = YES;
				GCC_C_LANGUAGE_STANDARD = gnu11;
				GCC_NO_COMMON_BLOCKS = YES;
				GCC_WARN_64_TO_32_BIT_CONVERSION = YES;
				GCC_WARN_ABOUT_RETURN_TYPE = YES_ERROR;
				GCC_WARN_UNDECLARED_SELECTOR = YES;
				GCC_WARN_UNINITIALIZED_AUTOS = YES_AGGRESSIVE;
				GCC_WARN_UNUSED_FUNCTION = YES;
				GCC_WARN_UNUSED_VARIABLE = YES;
				IPHONEOS_DEPLOYMENT_TARGET = 13.5;
				MTL_ENABLE_DEBUG_INFO = NO;
				MTL_FAST_MATH = YES;
				SDKROOT = iphoneos;
				SWIFT_COMPILATION_MODE = wholemodule;
				SWIFT_OPTIMIZATION_LEVEL = "-O";
				VALIDATE_PRODUCT = YES;
			};
			name = Release;
		};
		F44B9BD8248CB8BF00761436 /* Debug */ = {
			isa = XCBuildConfiguration;
			buildSettings = {
				ASSETCATALOG_COMPILER_APPICON_NAME = AppIcon;
				CODE_SIGN_STYLE = Automatic;
				DEVELOPMENT_TEAM = 8S6345R23K;
				INFOPLIST_FILE = SwiftGuide/Info.plist;
				LD_RUNPATH_SEARCH_PATHS = (
					"$(inherited)",
					"@executable_path/Frameworks",
				);
				PRODUCT_BUNDLE_IDENTIFIER = com..SwiftGuide;
				PRODUCT_NAME = "$(TARGET_NAME)";
				SWIFT_VERSION = 5.0;
				TARGETED_DEVICE_FAMILY = "1,2";
			};
			name = Debug;
		};
		F44B9BD9248CB8BF00761436 /* Release */ = {
			isa = XCBuildConfiguration;
			buildSettings = {
				ASSETCATALOG_COMPILER_APPICON_NAME = AppIcon;
				CODE_SIGN_STYLE = Automatic;
				DEVELOPMENT_TEAM = 8S6345R23K;
				INFOPLIST_FILE = SwiftGuide/Info.plist;
				LD_RUNPATH_SEARCH_PATHS = (
					"$(inherited)",
					"@executable_path/Frameworks",
				);
				PRODUCT_BUNDLE_IDENTIFIER = com..SwiftGuide;
				PRODUCT_NAME = "$(TARGET_NAME)";
				SWIFT_VERSION = 5.0;
				TARGETED_DEVICE_FAMILY = "1,2";
			};
			name = Release;
		};
/* End XCBuildConfiguration section */

/* Begin XCConfigurationList section */
		F44B9BBE248CB8BD00761436 /* Build configuration list for PBXProject "SwiftGuide" */ = {
			isa = XCConfigurationList;
			buildConfigurations = (
				F44B9BD5248CB8BF00761436 /* Debug */,
				F44B9BD6248CB8BF00761436 /* Release */,
			);
			defaultConfigurationIsVisible = 0;
			defaultConfigurationName = Release;
		};
		F44B9BD7248CB8BF00761436 /* Build configuration list for PBXNativeTarget "SwiftGuide" */ = {
			isa = XCConfigurationList;
			buildConfigurations = (
				F44B9BD8248CB8BF00761436 /* Debug */,
				F44B9BD9248CB8BF00761436 /* Release */,
			);
			defaultConfigurationIsVisible = 0;
			defaultConfigurationName = Release;
		};
/* End XCConfigurationList section */
	};
	rootObject = F44B9BBB248CB8BD00761436 /* Project object */;
}
